
Microsoft Visual Studio Solution File, Format Version 12.00
# Visual Studio Version 16
VisualStudioVersion = 16.0.28711.60
MinimumVisualStudioVersion = 10.0.40219.1
Project("{FAE04EC0-301F-11D3-BF4B-00C04F79EFBC}") = "webform", "webform\webform.csproj", "{B9C335FA-6B0E-4C88-B00F-4507291058EF}"
EndProject
Global
	GlobalSection(SolutionConfigurationPlatforms) = preSolution
		Debug|Any CPU = Debug|Any CPU
		Release|Any CPU = Release|Any CPU
	EndGlobalSection
	GlobalSection(ProjectConfigurationPlatforms) = postSolution
		{B9C335FA-6B0E-4C88-B00F-4507291058EF}.Debug|Any CPU.ActiveCfg = Debug|Any CPU
		{B9C335FA-6B0E-4C88-B00F-4507291058EF}.Debug|Any CPU.Build.0 = Debug|Any CPU
		{B9C335FA-6B0E-4C88-B00F-4507291058EF}.Release|Any CPU.ActiveCfg = Release|Any CPU
		{B9C335FA-6B0E-4C88-B00F-4507291058EF}.Release|Any CPU.Build.0 = Release|Any CPU
	EndGlobalSection
	GlobalSection(SolutionProperties) = preSolution
		HideSolutionNode = FALSE
	EndGlobalSection
	GlobalSection(ExtensibilityGlobals) = postSolution
		SolutionGuid = {CB023993-6911-4DED-8A52-8A798554ED08}
	EndGlobalSection
EndGlobal
